{
  "nodes": {
    "flake-parts": {
      "inputs": {
        "nixpkgs-lib": "nixpkgs-lib"
      },
      "locked": {
        "lastModified": 1756770412,
        "narHash": "sha256-+uWLQZccFHwqpGqr2Yt5VsW/PbeJVTn9Dk6SHWhNRPw=",
        "owner": "hercules-ci",
        "repo": "flake-parts",
        "rev": "4524271976b625a4a605beefd893f270620fd751",
        "type": "github"
      },
      "original": {
        "owner": "hercules-ci",
        "repo": "flake-parts",
        "type": "github"
      }
    },
    "flake-utils": {
      "locked": {
        "lastModified": 1659877975,
        "narHash": "sha256-zllb8aq3YO3h8B/U0/J1WBgAL8EX5yWf5pMj3G0NAmc=",
        "owner": "numtide",
        "repo": "flake-utils",
        "rev": "c0e246b9b83f637f4681389ecabcb2681b4f3af0",
        "type": "github"
      },
      "original": {
        "owner": "numtide",
        "repo": "flake-utils",
        "type": "github"
      }
    },
    "krew2nix": {
      "inputs": {
        "flake-utils": "flake-utils",
        "krewIndex": "krewIndex",
        "nixpkgs": "nixpkgs"
      },
      "locked": {
        "lastModified": 1725657810,
        "narHash": "sha256-ym59snD5fctijlGRorgmi+cks9dZpBadV/U3S11Fvak=",
        "owner": "SabreOSS",
        "repo": "krew2nix",
        "rev": "a8af66ac77752e06770af2914efdcd74b8d74a2e",
        "type": "github"
      },
      "original": {
        "owner": "SabreOSS",
        "ref": "inputs-krew-index",
        "repo": "krew2nix",
        "type": "github"
      }
    },
    "krewIndex": {
      "flake": false,
      "locked": {
        "lastModified": 1740300747,
        "narHash": "sha256-5DPK6UGQdhnLktJL969b6Qdkm30qmP2Pgqh5QBXhz2c=",
        "owner": "kubernetes-sigs",
        "repo": "krew-index",
        "rev": "59b9a22e16dd9a4892f97207d7e33b644d069369",
        "type": "github"
      },
      "original": {
        "owner": "kubernetes-sigs",
        "repo": "krew-index",
        "rev": "59b9a22e16dd9a4892f97207d7e33b644d069369",
        "type": "github"
      }
    },
    "nixpkgs": {
      "locked": {
        "lastModified": 0,
        "narHash": "sha256-ir7JbsLp2mqseCs3qI+Z/pkt+Gh+GfANbYcI5I+Gvnk=",
        "path": "/nix/store/4381sdcm40wvdh7hslc8jjrnjn4b022l-source",
        "type": "path"
      },
      "original": {
        "id": "nixpkgs",
        "type": "indirect"
      }
    },
    "nixpkgs-lib": {
      "locked": {
        "lastModified": 1754788789,
        "narHash": "sha256-x2rJ+Ovzq0sCMpgfgGaaqgBSwY+LST+WbZ6TytnT9Rk=",
        "owner": "nix-community",
        "repo": "nixpkgs.lib",
        "rev": "a73b9c743612e4244d865a2fdee11865283c04e6",
        "type": "github"
      },
      "original": {
        "owner": "nix-community",
        "repo": "nixpkgs.lib",
        "type": "github"
      }
    },
    "nixpkgs_2": {
      "locked": {
        "lastModified": 1757843276,
        "narHash": "sha256-GNqrHTSABo9Fwvhcgq4hy4Us5OY368gIEJCI48lBWhM=",
        "owner": "NixOS",
        "repo": "nixpkgs",
        "rev": "af745796c2755d6f3a6d835967862184d53a17ff",
        "type": "github"
      },
      "original": {
        "id": "nixpkgs",
        "type": "indirect"
      }
    },
    "nixpkgs_3": {
      "locked": {
        "lastModified": 1757487488,
        "narHash": "sha256-zwE/e7CuPJUWKdvvTCB7iunV4E/+G0lKfv4kk/5Izdg=",
        "owner": "nixos",
        "repo": "nixpkgs",
        "rev": "ab0f3607a6c7486ea22229b92ed2d355f1482ee0",
        "type": "github"
      },
      "original": {
        "owner": "nixos",
        "ref": "nixos-unstable",
        "repo": "nixpkgs",
        "type": "github"
      }
    },
    "root": {
      "inputs": {
        "krew2nix": "krew2nix",
        "nixpkgs": "nixpkgs_2",
        "talhelper": "talhelper",
        "utils": "utils"
      }
    },
    "systems": {
      "locked": {
        "lastModified": 1681028828,
        "narHash": "sha256-Vy1rq5AaRuLzOxct8nz4T6wlgyUR7zLU309k9mBC768=",
        "owner": "nix-systems",
        "repo": "default",
        "rev": "da67096a3b9bf56a91d16901293e51ba5b49a27e",
        "type": "github"
      },
      "original": {
        "owner": "nix-systems",
        "repo": "default",
        "type": "github"
      }
    },
    "talhelper": {
      "inputs": {
        "flake-parts": "flake-parts",
        "nixpkgs": "nixpkgs_3"
      },
      "locked": {
        "lastModified": 1757907507,
        "narHash": "sha256-E/Q5oIAuZMreFTJdzNaxAu0ZPjiI6asQFachcllMpkM=",
        "owner": "budimanjojo",
        "repo": "talhelper",
        "rev": "cd4f80ed5f993bfb7c3e76526d1ce328e7d12f41",
        "type": "github"
      },
      "original": {
        "owner": "budimanjojo",
        "repo": "talhelper",
        "type": "github"
      }
    },
    "utils": {
      "inputs": {
        "systems": "systems"
      },
      "locked": {
        "lastModified": 1731533236,
        "narHash": "sha256-l0KFg5HjrsfsO/JpG+r7fRrqm12kzFHyUHqHCVpMMbI=",
        "owner": "numtide",
        "repo": "flake-utils",
        "rev": "11707dc2f618dd54ca8739b309ec4fc024de578b",
        "type": "github"
      },
      "original": {
        "owner": "numtide",
        "repo": "flake-utils",
        "type": "github"
      }
    }
  },
  "root": "root",
  "version": 7
}
